
Microsoft Visual Studio Solution File, Format Version 12.00
# Visual Studio Version 17
VisualStudioVersion = 17.8.34511.84
MinimumVisualStudioVersion = 10.0.40219.1
Project("{FAE04EC0-301F-11D3-BF4B-00C04F79EFBC}") = "ManagingEmployeVacations-Dal", "ManagingEmployeVacations-Dal\ManagingEmployeVacations-Dal.csproj", "{5B95DFF3-5288-492A-87C9-78DB2E4CBCAB}"
EndProject
Project("{FAE04EC0-301F-11D3-BF4B-00C04F79EFBC}") = "ManagingEmployeVacations-Bl", "ManagingEmployeVacations-Bl\ManagingEmployeVacations-Bl.csproj", "{8580B1FE-7D03-46BB-A8AA-4321C266020E}"
EndProject
Project("{FAE04EC0-301F-11D3-BF4B-00C04F79EFBC}") = "ManagingEmployeVacations-PLayer", "ManagingEmployeVacations-PLayer\ManagingEmployeVacations-PLayer.csproj", "{FF499C91-FD0F-428A-AF91-822FA02EEA68}"
EndProject
Global
	GlobalSection(SolutionConfigurationPlatforms) = preSolution
		Debug|Any CPU = Debug|Any CPU
		Release|Any CPU = Release|Any CPU
	EndGlobalSection
	GlobalSection(ProjectConfigurationPlatforms) = postSolution
		{5B95DFF3-5288-492A-87C9-78DB2E4CBCAB}.Debug|Any CPU.ActiveCfg = Debug|Any CPU
		{5B95DFF3-5288-492A-87C9-78DB2E4CBCAB}.Debug|Any CPU.Build.0 = Debug|Any CPU
		{5B95DFF3-5288-492A-87C9-78DB2E4CBCAB}.Release|Any CPU.ActiveCfg = Release|Any CPU
		{5B95DFF3-5288-492A-87C9-78DB2E4CBCAB}.Release|Any CPU.Build.0 = Release|Any CPU
		{8580B1FE-7D03-46BB-A8AA-4321C266020E}.Debug|Any CPU.ActiveCfg = Debug|Any CPU
		{8580B1FE-7D03-46BB-A8AA-4321C266020E}.Debug|Any CPU.Build.0 = Debug|Any CPU
		{8580B1FE-7D03-46BB-A8AA-4321C266020E}.Release|Any CPU.ActiveCfg = Release|Any CPU
		{8580B1FE-7D03-46BB-A8AA-4321C266020E}.Release|Any CPU.Build.0 = Release|Any CPU
		{FF499C91-FD0F-428A-AF91-822FA02EEA68}.Debug|Any CPU.ActiveCfg = Debug|Any CPU
		{FF499C91-FD0F-428A-AF91-822FA02EEA68}.Debug|Any CPU.Build.0 = Debug|Any CPU
		{FF499C91-FD0F-428A-AF91-822FA02EEA68}.Release|Any CPU.ActiveCfg = Release|Any CPU
		{FF499C91-FD0F-428A-AF91-822FA02EEA68}.Release|Any CPU.Build.0 = Release|Any CPU
	EndGlobalSection
	GlobalSection(SolutionProperties) = preSolution
		HideSolutionNode = FALSE
	EndGlobalSection
	GlobalSection(ExtensibilityGlobals) = postSolution
		SolutionGuid = {2E64FEEC-67D8-4536-A72B-812666A745EE}
	EndGlobalSection
EndGlobal
